{
  "name": "dangosan",
  "version": "1.0.0",
  "lockfileVersion": 1,
  "requires": true,
  "dependencies": {
    "react-native-background-timer": {
      "version": "2.2.0",
      "resolved": "https://registry.npmjs.org/react-native-background-timer/-/react-native-background-timer-2.2.0.tgz",
      "integrity": "sha512-Y7N6diSFko/FCJPMmB0PoBlmY1kEcma7qDVwn8t7zi12GLqpe/Vwls97onkSD8/QL+BR33BygUHOrLTPwgeKfg=="
    }
  }
}
